// !$*UTF8*$!
{
	archiveVersion = 1;
	classes = {
	};
	objectVersion = 50;
	objects = {

/* Begin PBXBuildFile section */
		55010C6223A66C94009A1DD0 /* AppDelegate.swift in Sources */ = {isa = PBXBuildFile; fileRef = 55010C6123A66C94009A1DD0 /* AppDelegate.swift */; };
		55010C6423A66C94009A1DD0 /* SceneDelegate.swift in Sources */ = {isa = PBXBuildFile; fileRef = 55010C6323A66C94009A1DD0 /* SceneDelegate.swift */; };
		55010C6623A66C94009A1DD0 /* ViewController.swift in Sources */ = {isa = PBXBuildFile; fileRef = 55010C6523A66C94009A1DD0 /* ViewController.swift */; };
		55010C6923A66C94009A1DD0 /* Main.storyboard in Resources */ = {isa = PBXBuildFile; fileRef = 55010C6723A66C94009A1DD0 /* Main.storyboard */; };
		55010C6B23A66C97009A1DD0 /* Assets.xcassets in Resources */ = {isa = PBXBuildFile; fileRef = 55010C6A23A66C97009A1DD0 /* Assets.xcassets */; };
		55010C6E23A66C97009A1DD0 /* LaunchScreen.storyboard in Resources */ = {isa = PBXBuildFile; fileRef = 55010C6C23A66C97009A1DD0 /* LaunchScreen.storyboard */; };
		55010C7623A67A17009A1DD0 /* Friend.swift in Sources */ = {isa = PBXBuildFile; fileRef = 55010C7523A67A17009A1DD0 /* Friend.swift */; };
		55010C7823A67C42009A1DD0 /* DetailsViewController.swift in Sources */ = {isa = PBXBuildFile; fileRef = 55010C7723A67C42009A1DD0 /* DetailsViewController.swift */; };
		55010C7A23A6A2AB009A1DD0 /* MyCollectionViewCell.swift in Sources */ = {isa = PBXBuildFile; fileRef = 55010C7923A6A2AB009A1DD0 /* MyCollectionViewCell.swift */; };
/* End PBXBuildFile section */

/* Begin PBXFileReference section */
		55010C5E23A66C94009A1DD0 /* friends.app */ = {isa = PBXFileReference; explicitFileType = wrapper.application; includeInIndex = 0; path = friends.app; sourceTree = BUILT_PRODUCTS_DIR; };
		55010C6123A66C94009A1DD0 /* AppDelegate.swift */ = {isa = PBXFileReference; lastKnownFileType = sourcecode.swift; path = AppDelegate.swift; sourceTree = "<group>"; };
		55010C6323A66C94009A1DD0 /* SceneDelegate.swift */ = {isa = PBXFileReference; lastKnownFileType = sourcecode.swift; path = SceneDelegate.swift; sourceTree = "<group>"; };
		55010C6523A66C94009A1DD0 /* ViewController.swift */ = {isa = PBXFileReference; lastKnownFileType = sourcecode.swift; path = ViewController.swift; sourceTree = "<group>"; };
		55010C6823A66C94009A1DD0 /* Base */ = {isa = PBXFileReference; lastKnownFileType = file.storyboard; name = Base; path = Base.lproj/Main.storyboard; sourceTree = "<group>"; };
		55010C6A23A66C97009A1DD0 /* Assets.xcassets */ = {isa = PBXFileReference; lastKnownFileType = folder.assetcatalog; path = Assets.xcassets; sourceTree = "<group>"; };
		55010C6D23A66C97009A1DD0 /* Base */ = {isa = PBXFileReference; lastKnownFileType = file.storyboard; name = Base; path = Base.lproj/LaunchScreen.storyboard; sourceTree = "<group>"; };
		55010C6F23A66C97009A1DD0 /* Info.plist */ = {isa = PBXFileReference; lastKnownFileType = text.plist.xml; path = Info.plist; sourceTree = "<group>"; };
		55010C7523A67A17009A1DD0 /* Friend.swift */ = {isa = PBXFileReference; lastKnownFileType = sourcecode.swift; path = Friend.swift; sourceTree = "<group>"; };
		55010C7723A67C42009A1DD0 /* DetailsViewController.swift */ = {isa = PBXFileReference; lastKnownFileType = sourcecode.swift; path = DetailsViewController.swift; sourceTree = "<group>"; };
		55010C7923A6A2AB009A1DD0 /* MyCollectionViewCell.swift */ = {isa = PBXFileReference; lastKnownFileType = sourcecode.swift; path = MyCollectionViewCell.swift; sourceTree = "<group>"; };
/* End PBXFileReference section */

/* Begin PBXFrameworksBuildPhase section */
		55010C5B23A66C94009A1DD0 /* Frameworks */ = {
			isa = PBXFrameworksBuildPhase;
			buildActionMask = 2147483647;
			files = (
			);
			runOnlyForDeploymentPostprocessing = 0;
		};
/* End PBXFrameworksBuildPhase section */

/* Begin PBXGroup section */
		55010C5523A66C94009A1DD0 = {
			isa = PBXGroup;
			children = (
				55010C6023A66C94009A1DD0 /* friends */,
				55010C5F23A66C94009A1DD0 /* Products */,
			);
			sourceTree = "<group>";
		};
		55010C5F23A66C94009A1DD0 /* Products */ = {
			isa = PBXGroup;
			children = (
				55010C5E23A66C94009A1DD0 /* friends.app */,
			);
			name = Products;
			sourceTree = "<group>";
		};
		55010C6023A66C94009A1DD0 /* friends */ = {
			isa = PBXGroup;
			children = (
				55010C6123A66C94009A1DD0 /* AppDelegate.swift */,
				55010C6323A66C94009A1DD0 /* SceneDelegate.swift */,
				55010C6523A66C94009A1DD0 /* ViewController.swift */,
				55010C7923A6A2AB009A1DD0 /* MyCollectionViewCell.swift */,
				55010C7523A67A17009A1DD0 /* Friend.swift */,
				55010C6723A66C94009A1DD0 /* Main.storyboard */,
				55010C7723A67C42009A1DD0 /* DetailsViewController.swift */,
				55010C6A23A66C97009A1DD0 /* Assets.xcassets */,
				55010C6C23A66C97009A1DD0 /* LaunchScreen.storyboard */,
				55010C6F23A66C97009A1DD0 /* Info.plist */,
			);
			path = friends;
			sourceTree = "<group>";
		};
/* End PBXGroup section */

/* Begin PBXNativeTarget section */
		55010C5D23A66C94009A1DD0 /* friends */ = {
			isa = PBXNativeTarget;
			buildConfigurationList = 55010C7223A66C97009A1DD0 /* Build configuration list for PBXNativeTarget "friends" */;
			buildPhases = (
				55010C5A23A66C94009A1DD0 /* Sources */,
				55010C5B23A66C94009A1DD0 /* Frameworks */,
				55010C5C23A66C94009A1DD0 /* Resources */,
			);
			buildRules = (
			);
			dependencies = (
			);
			name = friends;
			productName = friends;
			productReference = 55010C5E23A66C94009A1DD0 /* friends.app */;
			productType = "com.apple.product-type.application";
		};
/* End PBXNativeTarget section */

/* Begin PBXProject section */
		55010C5623A66C94009A1DD0 /* Project object */ = {
			isa = PBXProject;
			attributes = {
				LastSwiftUpdateCheck = 1120;
				LastUpgradeCheck = 1120;
				ORGANIZATIONNAME = "Hosam Elnabawy";
				TargetAttributes = {
					55010C5D23A66C94009A1DD0 = {
						CreatedOnToolsVersion = 11.2.1;
					};
				};
			};
			buildConfigurationList = 55010C5923A66C94009A1DD0 /* Build configuration list for PBXProject "friends" */;
			compatibilityVersion = "Xcode 9.3";
			developmentRegion = en;
			hasScannedForEncodings = 0;
			knownRegions = (
				en,
				Base,
			);
			mainGroup = 55010C5523A66C94009A1DD0;
			productRefGroup = 55010C5F23A66C94009A1DD0 /* Products */;
			projectDirPath = "";
			projectRoot = "";
			targets = (
				55010C5D23A66C94009A1DD0 /* friends */,
			);
		};
/* End PBXProject section */

/* Begin PBXResourcesBuildPhase section */
		55010C5C23A66C94009A1DD0 /* Resources */ = {
			isa = PBXResourcesBuildPhase;
			buildActionMask = 2147483647;
			files = (
				55010C6E23A66C97009A1DD0 /* LaunchScreen.storyboard in Resources */,
				55010C6B23A66C97009A1DD0 /* Assets.xcassets in Resources */,
				55010C6923A66C94009A1DD0 /* Main.storyboard in Resources */,
			);
			runOnlyForDeploymentPostprocessing = 0;
		};
/* End PBXResourcesBuildPhase section */

/* Begin PBXSourcesBuildPhase section */
		55010C5A23A66C94009A1DD0 /* Sources */ = {
			isa = PBXSourcesBuildPhase;
			buildActionMask = 2147483647;
			files = (
				55010C6623A66C94009A1DD0 /* ViewController.swift in Sources */,
				55010C6223A66C94009A1DD0 /* AppDelegate.swift in Sources */,
				55010C7A23A6A2AB009A1DD0 /* MyCollectionViewCell.swift in Sources */,
				55010C6423A66C94009A1DD0 /* SceneDelegate.swift in Sources */,
				55010C7623A67A17009A1DD0 /* Friend.swift in Sources */,
				55010C7823A67C42009A1DD0 /* DetailsViewController.swift in Sources */,
			);
			runOnlyForDeploymentPostprocessing = 0;
		};
/* End PBXSourcesBuildPhase section */

/* Begin PBXVariantGroup section */
		55010C6723A66C94009A1DD0 /* Main.storyboard */ = {
			isa = PBXVariantGroup;
			children = (
				55010C6823A66C94009A1DD0 /* Base */,
			);
			name = Main.storyboard;
			sourceTree = "<group>";
		};
		55010C6C23A66C97009A1DD0 /* LaunchScreen.storyboard */ = {
			isa = PBXVariantGroup;
			children = (
				55010C6D23A66C97009A1DD0 /* Base */,
			);
			name = LaunchScreen.storyboard;
			sourceTree = "<group>";
		};
/* End PBXVariantGroup section */

/* Begin XCBuildConfiguration section */
		55010C7023A66C97009A1DD0 /* Debug */ = {
			isa = XCBuildConfiguration;
			buildSettings = {
				ALWAYS_SEARCH_USER_PATHS = NO;
				CLANG_ANALYZER_NONNULL = YES;
				CLANG_ANALYZER_NUMBER_OBJECT_CONVERSION = YES_AGGRESSIVE;
				CLANG_CXX_LANGUAGE_STANDARD = "gnu++14";
				CLANG_CXX_LIBRARY = "libc++";
				CLANG_ENABLE_MODULES = YES;
				CLANG_ENABLE_OBJC_ARC = YES;
				CLANG_ENABLE_OBJC_WEAK = YES;
				CLANG_WARN_BLOCK_CAPTURE_AUTORELEASING = YES;
				CLANG_WARN_BOOL_CONVERSION = YES;
				CLANG_WARN_COMMA = YES;
				CLANG_WARN_CONSTANT_CONVERSION = YES;
				CLANG_WARN_DEPRECATED_OBJC_IMPLEMENTATIONS = YES;
				CLANG_WARN_DIRECT_OBJC_ISA_USAGE = YES_ERROR;
				CLANG_WARN_DOCUMENTATION_COMMENTS = YES;
				CLANG_WARN_EMPTY_BODY = YES;
				CLANG_WARN_ENUM_CONVERSION = YES;
				CLANG_WARN_INFINITE_RECURSION = YES;
				CLANG_WARN_INT_CONVERSION = YES;
				CLANG_WARN_NON_LITERAL_NULL_CONVERSION = YES;
				CLANG_WARN_OBJC_IMPLICIT_RETAIN_SELF = YES;
				CLANG_WARN_OBJC_LITERAL_CONVERSION = YES;
				CLANG_WARN_OBJC_ROOT_CLASS = YES_ERROR;
				CLANG_WARN_RANGE_LOOP_ANALYSIS = YES;
				CLANG_WARN_STRICT_PROTOTYPES = YES;
				CLANG_WARN_SUSPICIOUS_MOVE = YES;
				CLANG_WARN_UNGUARDED_AVAILABILITY = YES_AGGRESSIVE;
				CLANG_WARN_UNREACHABLE_CODE = YES;
				CLANG_WARN__DUPLICATE_METHOD_MATCH = YES;
				COPY_PHASE_STRIP = NO;
				DEBUG_INFORMATION_FORMAT = dwarf;
				ENABLE_STRICT_OBJC_MSGSEND = YES;
				ENABLE_TESTABILITY = YES;
				GCC_C_LANGUAGE_STANDARD = gnu11;
				GCC_DYNAMIC_NO_PIC = NO;
				GCC_NO_COMMON_BLOCKS = YES;
				GCC_OPTIMIZATION_LEVEL = 0;
				GCC_PREPROCESSOR_DEFINITIONS = (
					"DEBUG=1",
					"$(inherited)",
				);
				GCC_WARN_64_TO_32_BIT_CONVERSION = YES;
				GCC_WARN_ABOUT_RETURN_TYPE = YES_ERROR;
				GCC_WARN_UNDECLARED_SELECTOR = YES;
				GCC_WARN_UNINITIALIZED_AUTOS = YES_AGGRESSIVE;
				GCC_WARN_UNUSED_FUNCTION = YES;
				GCC_WARN_UNUSED_VARIABLE = YES;
				IPHONEOS_DEPLOYMENT_TARGET = 13.2;
				MTL_ENABLE_DEBUG_INFO = INCLUDE_SOURCE;
				MTL_FAST_MATH = YES;
				ONLY_ACTIVE_ARCH = YES;
				SDKROOT = iphoneos;
				SWIFT_ACTIVE_COMPILATION_CONDITIONS = DEBUG;
				SWIFT_OPTIMIZATION_LEVEL = "-Onone";
			};
			name = Debug;
		};
		55010C7123A66C97009A1DD0 /* Release */ = {
			isa = XCBuildConfiguration;
			buildSettings = {
				ALWAYS_SEARCH_USER_PATHS = NO;
				CLANG_ANALYZER_NONNULL = YES;
				CLANG_ANALYZER_NUMBER_OBJECT_CONVERSION = YES_AGGRESSIVE;
				CLANG_CXX_LANGUAGE_STANDARD = "gnu++14";
				CLANG_CXX_LIBRARY = "libc++";
				CLANG_ENABLE_MODULES = YES;
				CLANG_ENABLE_OBJC_ARC = YES;
				CLANG_ENABLE_OBJC_WEAK = YES;
				CLANG_WARN_BLOCK_CAPTURE_AUTORELEASING = YES;
				CLANG_WARN_BOOL_CONVERSION = YES;
				CLANG_WARN_COMMA = YES;
				CLANG_WARN_CONSTANT_CONVERSION = YES;
				CLANG_WARN_DEPRECATED_OBJC_IMPLEMENTATIONS = YES;
				CLANG_WARN_DIRECT_OBJC_ISA_USAGE = YES_ERROR;
				CLANG_WARN_DOCUMENTATION_COMMENTS = YES;
				CLANG_WARN_EMPTY_BODY = YES;
				CLANG_WARN_ENUM_CONVERSION = YES;
				CLANG_WARN_INFINITE_RECURSION = YES;
				CLANG_WARN_INT_CONVERSION = YES;
				CLANG_WARN_NON_LITERAL_NULL_CONVERSION = YES;
				CLANG_WARN_OBJC_IMPLICIT_RETAIN_SELF = YES;
				CLANG_WARN_OBJC_LITERAL_CONVERSION = YES;
				CLANG_WARN_OBJC_ROOT_CLASS = YES_ERROR;
				CLANG_WARN_RANGE_LOOP_ANALYSIS = YES;
				CLANG_WARN_STRICT_PROTOTYPES = YES;
				CLANG_WARN_SUSPICIOUS_MOVE = YES;
				CLANG_WARN_UNGUARDED_AVAILABILITY = YES_AGGRESSIVE;
				CLANG_WARN_UNREACHABLE_CODE = YES;
				CLANG_WARN__DUPLICATE_METHOD_MATCH = YES;
				COPY_PHASE_STRIP = NO;
				DEBUG_INFORMATION_FORMAT = "dwarf-with-dsym";
				ENABLE_NS_ASSERTIONS = NO;
				ENABLE_STRICT_OBJC_MSGSEND = YES;
				GCC_C_LANGUAGE_STANDARD = gnu11;
				GCC_NO_COMMON_BLOCKS = YES;
				GCC_WARN_64_TO_32_BIT_CONVERSION = YES;
				GCC_WARN_ABOUT_RETURN_TYPE = YES_ERROR;
				GCC_WARN_UNDECLARED_SELECTOR = YES;
				GCC_WARN_UNINITIALIZED_AUTOS = YES_AGGRESSIVE;
				GCC_WARN_UNUSED_FUNCTION = YES;
				GCC_WARN_UNUSED_VARIABLE = YES;
				IPHONEOS_DEPLOYMENT_TARGET = 13.2;
				MTL_ENABLE_DEBUG_INFO = NO;
				MTL_FAST_MATH = YES;
				SDKROOT = iphoneos;
				SWIFT_COMPILATION_MODE = wholemodule;
				SWIFT_OPTIMIZATION_LEVEL = "-O";
				VALIDATE_PRODUCT = YES;
			};
			name = Release;
		};
		55010C7323A66C97009A1DD0 /* Debug */ = {
			isa = XCBuildConfiguration;
			buildSettings = {
				ASSETCATALOG_COMPILER_APPICON_NAME = AppIcon;
				CODE_SIGN_STYLE = Automatic;
				INFOPLIST_FILE = friends/Info.plist;
				LD_RUNPATH_SEARCH_PATHS = (
					"$(inherited)",
					"@executable_path/Frameworks",
				);
				PRODUCT_BUNDLE_IDENTIFIER = com.hsa.friends.friends;
				PRODUCT_NAME = "$(TARGET_NAME)";
				SWIFT_VERSION = 5.0;
				TARGETED_DEVICE_FAMILY = "1,2";
			};
			name = Debug;
		};
		55010C7423A66C97009A1DD0 /* Release */ = {
			isa = XCBuildConfiguration;
			buildSettings = {
				ASSETCATALOG_COMPILER_APPICON_NAME = AppIcon;
				CODE_SIGN_STYLE = Automatic;
				INFOPLIST_FILE = friends/Info.plist;
				LD_RUNPATH_SEARCH_PATHS = (
					"$(inherited)",
					"@executable_path/Frameworks",
				);
				PRODUCT_BUNDLE_IDENTIFIER = com.hsa.friends.friends;
				PRODUCT_NAME = "$(TARGET_NAME)";
				SWIFT_VERSION = 5.0;
				TARGETED_DEVICE_FAMILY = "1,2";
			};
			name = Release;
		};
/* End XCBuildConfiguration section */

/* Begin XCConfigurationList section */
		55010C5923A66C94009A1DD0 /* Build configuration list for PBXProject "friends" */ = {
			isa = XCConfigurationList;
			buildConfigurations = (
				55010C7023A66C97009A1DD0 /* Debug */,
				55010C7123A66C97009A1DD0 /* Release */,
			);
			defaultConfigurationIsVisible = 0;
			defaultConfigurationName = Release;
		};
		55010C7223A66C97009A1DD0 /* Build configuration list for PBXNativeTarget "friends" */ = {
			isa = XCConfigurationList;
			buildConfigurations = (
				55010C7323A66C97009A1DD0 /* Debug */,
				55010C7423A66C97009A1DD0 /* Release */,
			);
			defaultConfigurationIsVisible = 0;
			defaultConfigurationName = Release;
		};
/* End XCConfigurationList section */
	};
	rootObject = 55010C5623A66C94009A1DD0 /* Project object */;
}
