// !$*UTF8*$!
{
	archiveVersion = 1;
	classes = {
	};
	objectVersion = 51;
	objects = {

/* Begin PBXBuildFile section */
		51D91574B098B306287C8636 /* Pods_smack.framework in Frameworks */ = {isa = PBXBuildFile; fileRef = F4F3BE614368CC87A2FAB21A /* Pods_smack.framework */; };
		555F551A23AC034900D23B0B /* SWRevealViewController.m in Sources */ = {isa = PBXBuildFile; fileRef = 555F551823AC034900D23B0B /* SWRevealViewController.m */; };
		555F551F23AC05AA00D23B0B /* ChatVC.swift in Sources */ = {isa = PBXBuildFile; fileRef = 555F551E23AC05AA00D23B0B /* ChatVC.swift */; };
		555F552123AC05C000D23B0B /* ChannelVC.swift in Sources */ = {isa = PBXBuildFile; fileRef = 555F552023AC05C000D23B0B /* ChannelVC.swift */; };
		555F552523AC11E000D23B0B /* GradientView.swift in Sources */ = {isa = PBXBuildFile; fileRef = 555F552423AC11E000D23B0B /* GradientView.swift */; };
		5569CEE023ABC885008C65E3 /* AppDelegate.swift in Sources */ = {isa = PBXBuildFile; fileRef = 5569CEDF23ABC885008C65E3 /* AppDelegate.swift */; };
		5569CEE223ABC885008C65E3 /* SceneDelegate.swift in Sources */ = {isa = PBXBuildFile; fileRef = 5569CEE123ABC885008C65E3 /* SceneDelegate.swift */; };
		5569CEE723ABC885008C65E3 /* Main.storyboard in Resources */ = {isa = PBXBuildFile; fileRef = 5569CEE523ABC885008C65E3 /* Main.storyboard */; };
		5569CEE923ABC887008C65E3 /* Assets.xcassets in Resources */ = {isa = PBXBuildFile; fileRef = 5569CEE823ABC887008C65E3 /* Assets.xcassets */; };
		5569CEEC23ABC887008C65E3 /* LaunchScreen.storyboard in Resources */ = {isa = PBXBuildFile; fileRef = 5569CEEA23ABC887008C65E3 /* LaunchScreen.storyboard */; };
/* End PBXBuildFile section */

/* Begin PBXFileReference section */
		555F551723AC034900D23B0B /* smack-Bridging-Header.h */ = {isa = PBXFileReference; lastKnownFileType = sourcecode.c.h; path = "smack-Bridging-Header.h"; sourceTree = "<group>"; };
		555F551823AC034900D23B0B /* SWRevealViewController.m */ = {isa = PBXFileReference; fileEncoding = 4; lastKnownFileType = sourcecode.c.objc; name = SWRevealViewController.m; path = "Smack Assets/SWReveal/SWRevealViewController.m"; sourceTree = SOURCE_ROOT; };
		555F551923AC034900D23B0B /* SWRevealViewController.h */ = {isa = PBXFileReference; fileEncoding = 4; lastKnownFileType = sourcecode.c.h; name = SWRevealViewController.h; path = "Smack Assets/SWReveal/SWRevealViewController.h"; sourceTree = SOURCE_ROOT; };
		555F551E23AC05AA00D23B0B /* ChatVC.swift */ = {isa = PBXFileReference; lastKnownFileType = sourcecode.swift; path = ChatVC.swift; sourceTree = "<group>"; };
		555F552023AC05C000D23B0B /* ChannelVC.swift */ = {isa = PBXFileReference; lastKnownFileType = sourcecode.swift; path = ChannelVC.swift; sourceTree = "<group>"; };
		555F552423AC11E000D23B0B /* GradientView.swift */ = {isa = PBXFileReference; lastKnownFileType = sourcecode.swift; path = GradientView.swift; sourceTree = "<group>"; };
		5569CEDC23ABC884008C65E3 /* smack.app */ = {isa = PBXFileReference; explicitFileType = wrapper.application; includeInIndex = 0; path = smack.app; sourceTree = BUILT_PRODUCTS_DIR; };
		5569CEDF23ABC885008C65E3 /* AppDelegate.swift */ = {isa = PBXFileReference; lastKnownFileType = sourcecode.swift; path = AppDelegate.swift; sourceTree = "<group>"; };
		5569CEE123ABC885008C65E3 /* SceneDelegate.swift */ = {isa = PBXFileReference; lastKnownFileType = sourcecode.swift; path = SceneDelegate.swift; sourceTree = "<group>"; };
		5569CEE623ABC885008C65E3 /* Base */ = {isa = PBXFileReference; lastKnownFileType = file.storyboard; name = Base; path = Base.lproj/Main.storyboard; sourceTree = "<group>"; };
		5569CEE823ABC887008C65E3 /* Assets.xcassets */ = {isa = PBXFileReference; lastKnownFileType = folder.assetcatalog; path = Assets.xcassets; sourceTree = "<group>"; };
		5569CEEB23ABC887008C65E3 /* Base */ = {isa = PBXFileReference; lastKnownFileType = file.storyboard; name = Base; path = Base.lproj/LaunchScreen.storyboard; sourceTree = "<group>"; };
		5569CEED23ABC887008C65E3 /* Info.plist */ = {isa = PBXFileReference; lastKnownFileType = text.plist.xml; path = Info.plist; sourceTree = "<group>"; };
		8516D75DEE464ACE9C8F643C /* Pods-smack.debug.xcconfig */ = {isa = PBXFileReference; includeInIndex = 1; lastKnownFileType = text.xcconfig; name = "Pods-smack.debug.xcconfig"; path = "Target Support Files/Pods-smack/Pods-smack.debug.xcconfig"; sourceTree = "<group>"; };
		E922B7890BFACA1C22527AF2 /* Pods-smack.release.xcconfig */ = {isa = PBXFileReference; includeInIndex = 1; lastKnownFileType = text.xcconfig; name = "Pods-smack.release.xcconfig"; path = "Target Support Files/Pods-smack/Pods-smack.release.xcconfig"; sourceTree = "<group>"; };
		F4F3BE614368CC87A2FAB21A /* Pods_smack.framework */ = {isa = PBXFileReference; explicitFileType = wrapper.framework; includeInIndex = 0; path = Pods_smack.framework; sourceTree = BUILT_PRODUCTS_DIR; };
/* End PBXFileReference section */

/* Begin PBXFrameworksBuildPhase section */
		5569CED923ABC884008C65E3 /* Frameworks */ = {
			isa = PBXFrameworksBuildPhase;
			buildActionMask = 2147483647;
			files = (
				51D91574B098B306287C8636 /* Pods_smack.framework in Frameworks */,
			);
			runOnlyForDeploymentPostprocessing = 0;
		};
/* End PBXFrameworksBuildPhase section */

/* Begin PBXGroup section */
		081DB051D75E81EC130F3CD8 /* Pods */ = {
			isa = PBXGroup;
			children = (
				8516D75DEE464ACE9C8F643C /* Pods-smack.debug.xcconfig */,
				E922B7890BFACA1C22527AF2 /* Pods-smack.release.xcconfig */,
			);
			path = Pods;
			sourceTree = "<group>";
		};
		555F551623AC02FC00D23B0B /* Supporting Files */ = {
			isa = PBXGroup;
			children = (
				555F551923AC034900D23B0B /* SWRevealViewController.h */,
				555F551823AC034900D23B0B /* SWRevealViewController.m */,
				555F551723AC034900D23B0B /* smack-Bridging-Header.h */,
			);
			path = "Supporting Files";
			sourceTree = "<group>";
		};
		555F551B23AC056200D23B0B /* Controllers */ = {
			isa = PBXGroup;
			children = (
				555F551E23AC05AA00D23B0B /* ChatVC.swift */,
				555F552023AC05C000D23B0B /* ChannelVC.swift */,
			);
			path = Controllers;
			sourceTree = "<group>";
		};
		555F551C23AC057900D23B0B /* Views */ = {
			isa = PBXGroup;
			children = (
				555F552423AC11E000D23B0B /* GradientView.swift */,
			);
			path = Views;
			sourceTree = "<group>";
		};
		555F551D23AC058100D23B0B /* Models */ = {
			isa = PBXGroup;
			children = (
			);
			path = Models;
			sourceTree = "<group>";
		};
		5569CED323ABC884008C65E3 = {
			isa = PBXGroup;
			children = (
				555F551623AC02FC00D23B0B /* Supporting Files */,
				5569CEDE23ABC884008C65E3 /* smack */,
				5569CEDD23ABC884008C65E3 /* Products */,
				081DB051D75E81EC130F3CD8 /* Pods */,
				A892767C27DC5A6CA2EA5BE2 /* Frameworks */,
			);
			sourceTree = "<group>";
		};
		5569CEDD23ABC884008C65E3 /* Products */ = {
			isa = PBXGroup;
			children = (
				5569CEDC23ABC884008C65E3 /* smack.app */,
			);
			name = Products;
			sourceTree = "<group>";
		};
		5569CEDE23ABC884008C65E3 /* smack */ = {
			isa = PBXGroup;
			children = (
				5569CEDF23ABC885008C65E3 /* AppDelegate.swift */,
				5569CEE123ABC885008C65E3 /* SceneDelegate.swift */,
				555F551D23AC058100D23B0B /* Models */,
				555F551C23AC057900D23B0B /* Views */,
				555F551B23AC056200D23B0B /* Controllers */,
				5569CEE523ABC885008C65E3 /* Main.storyboard */,
				5569CEE823ABC887008C65E3 /* Assets.xcassets */,
				5569CEEA23ABC887008C65E3 /* LaunchScreen.storyboard */,
				5569CEED23ABC887008C65E3 /* Info.plist */,
			);
			path = smack;
			sourceTree = "<group>";
		};
		A892767C27DC5A6CA2EA5BE2 /* Frameworks */ = {
			isa = PBXGroup;
			children = (
				F4F3BE614368CC87A2FAB21A /* Pods_smack.framework */,
			);
			name = Frameworks;
			sourceTree = "<group>";
		};
/* End PBXGroup section */

/* Begin PBXNativeTarget section */
		5569CEDB23ABC884008C65E3 /* smack */ = {
			isa = PBXNativeTarget;
			buildConfigurationList = 5569CEF023ABC887008C65E3 /* Build configuration list for PBXNativeTarget "smack" */;
			buildPhases = (
				C544B834B39F050CFC2EC9BC /* [CP] Check Pods Manifest.lock */,
				5569CED823ABC884008C65E3 /* Sources */,
				5569CED923ABC884008C65E3 /* Frameworks */,
				5569CEDA23ABC884008C65E3 /* Resources */,
				881C1F6AE9B00F2ECD48B32B /* [CP] Embed Pods Frameworks */,
			);
			buildRules = (
			);
			dependencies = (
			);
			name = smack;
			productName = smack;
			productReference = 5569CEDC23ABC884008C65E3 /* smack.app */;
			productType = "com.apple.product-type.application";
		};
/* End PBXNativeTarget section */

/* Begin PBXProject section */
		5569CED423ABC884008C65E3 /* Project object */ = {
			isa = PBXProject;
			attributes = {
				LastSwiftUpdateCheck = 1120;
				LastUpgradeCheck = 1120;
				ORGANIZATIONNAME = "Hosam Elnabawy";
				TargetAttributes = {
					5569CEDB23ABC884008C65E3 = {
						CreatedOnToolsVersion = 11.2.1;
						LastSwiftMigration = 1120;
					};
				};
			};
			buildConfigurationList = 5569CED723ABC884008C65E3 /* Build configuration list for PBXProject "smack" */;
			compatibilityVersion = "Xcode 9.3";
			developmentRegion = en;
			hasScannedForEncodings = 0;
			knownRegions = (
				en,
				Base,
			);
			mainGroup = 5569CED323ABC884008C65E3;
			productRefGroup = 5569CEDD23ABC884008C65E3 /* Products */;
			projectDirPath = "";
			projectRoot = "";
			targets = (
				5569CEDB23ABC884008C65E3 /* smack */,
			);
		};
/* End PBXProject section */

/* Begin PBXResourcesBuildPhase section */
		5569CEDA23ABC884008C65E3 /* Resources */ = {
			isa = PBXResourcesBuildPhase;
			buildActionMask = 2147483647;
			files = (
				5569CEEC23ABC887008C65E3 /* LaunchScreen.storyboard in Resources */,
				5569CEE923ABC887008C65E3 /* Assets.xcassets in Resources */,
				5569CEE723ABC885008C65E3 /* Main.storyboard in Resources */,
			);
			runOnlyForDeploymentPostprocessing = 0;
		};
/* End PBXResourcesBuildPhase section */

/* Begin PBXShellScriptBuildPhase section */
		881C1F6AE9B00F2ECD48B32B /* [CP] Embed Pods Frameworks */ = {
			isa = PBXShellScriptBuildPhase;
			buildActionMask = 2147483647;
			files = (
			);
			inputFileListPaths = (
				"${PODS_ROOT}/Target Support Files/Pods-smack/Pods-smack-frameworks-${CONFIGURATION}-input-files.xcfilelist",
			);
			name = "[CP] Embed Pods Frameworks";
			outputFileListPaths = (
				"${PODS_ROOT}/Target Support Files/Pods-smack/Pods-smack-frameworks-${CONFIGURATION}-output-files.xcfilelist",
			);
			runOnlyForDeploymentPostprocessing = 0;
			shellPath = /bin/sh;
			shellScript = "\"${PODS_ROOT}/Target Support Files/Pods-smack/Pods-smack-frameworks.sh\"\n";
			showEnvVarsInLog = 0;
		};
		C544B834B39F050CFC2EC9BC /* [CP] Check Pods Manifest.lock */ = {
			isa = PBXShellScriptBuildPhase;
			buildActionMask = 2147483647;
			files = (
			);
			inputFileListPaths = (
			);
			inputPaths = (
				"${PODS_PODFILE_DIR_PATH}/Podfile.lock",
				"${PODS_ROOT}/Manifest.lock",
			);
			name = "[CP] Check Pods Manifest.lock";
			outputFileListPaths = (
			);
			outputPaths = (
				"$(DERIVED_FILE_DIR)/Pods-smack-checkManifestLockResult.txt",
			);
			runOnlyForDeploymentPostprocessing = 0;
			shellPath = /bin/sh;
			shellScript = "diff \"${PODS_PODFILE_DIR_PATH}/Podfile.lock\" \"${PODS_ROOT}/Manifest.lock\" > /dev/null\nif [ $? != 0 ] ; then\n    # print error to STDERR\n    echo \"error: The sandbox is not in sync with the Podfile.lock. Run 'pod install' or update your CocoaPods installation.\" >&2\n    exit 1\nfi\n# This output is used by Xcode 'outputs' to avoid re-running this script phase.\necho \"SUCCESS\" > \"${SCRIPT_OUTPUT_FILE_0}\"\n";
			showEnvVarsInLog = 0;
		};
/* End PBXShellScriptBuildPhase section */

/* Begin PBXSourcesBuildPhase section */
		5569CED823ABC884008C65E3 /* Sources */ = {
			isa = PBXSourcesBuildPhase;
			buildActionMask = 2147483647;
			files = (
				555F551F23AC05AA00D23B0B /* ChatVC.swift in Sources */,
				5569CEE023ABC885008C65E3 /* AppDelegate.swift in Sources */,
				5569CEE223ABC885008C65E3 /* SceneDelegate.swift in Sources */,
				555F551A23AC034900D23B0B /* SWRevealViewController.m in Sources */,
				555F552523AC11E000D23B0B /* GradientView.swift in Sources */,
				555F552123AC05C000D23B0B /* ChannelVC.swift in Sources */,
			);
			runOnlyForDeploymentPostprocessing = 0;
		};
/* End PBXSourcesBuildPhase section */

/* Begin PBXVariantGroup section */
		5569CEE523ABC885008C65E3 /* Main.storyboard */ = {
			isa = PBXVariantGroup;
			children = (
				5569CEE623ABC885008C65E3 /* Base */,
			);
			name = Main.storyboard;
			sourceTree = "<group>";
		};
		5569CEEA23ABC887008C65E3 /* LaunchScreen.storyboard */ = {
			isa = PBXVariantGroup;
			children = (
				5569CEEB23ABC887008C65E3 /* Base */,
			);
			name = LaunchScreen.storyboard;
			sourceTree = "<group>";
		};
/* End PBXVariantGroup section */

/* Begin XCBuildConfiguration section */
		5569CEEE23ABC887008C65E3 /* Debug */ = {
			isa = XCBuildConfiguration;
			buildSettings = {
				ALWAYS_SEARCH_USER_PATHS = NO;
				CLANG_ANALYZER_NONNULL = YES;
				CLANG_ANALYZER_NUMBER_OBJECT_CONVERSION = YES_AGGRESSIVE;
				CLANG_CXX_LANGUAGE_STANDARD = "gnu++14";
				CLANG_CXX_LIBRARY = "libc++";
				CLANG_ENABLE_MODULES = YES;
				CLANG_ENABLE_OBJC_ARC = YES;
				CLANG_ENABLE_OBJC_WEAK = YES;
				CLANG_WARN_BLOCK_CAPTURE_AUTORELEASING = YES;
				CLANG_WARN_BOOL_CONVERSION = YES;
				CLANG_WARN_COMMA = YES;
				CLANG_WARN_CONSTANT_CONVERSION = YES;
				CLANG_WARN_DEPRECATED_OBJC_IMPLEMENTATIONS = YES;
				CLANG_WARN_DIRECT_OBJC_ISA_USAGE = YES_ERROR;
				CLANG_WARN_DOCUMENTATION_COMMENTS = YES;
				CLANG_WARN_EMPTY_BODY = YES;
				CLANG_WARN_ENUM_CONVERSION = YES;
				CLANG_WARN_INFINITE_RECURSION = YES;
				CLANG_WARN_INT_CONVERSION = YES;
				CLANG_WARN_NON_LITERAL_NULL_CONVERSION = YES;
				CLANG_WARN_OBJC_IMPLICIT_RETAIN_SELF = YES;
				CLANG_WARN_OBJC_LITERAL_CONVERSION = YES;
				CLANG_WARN_OBJC_ROOT_CLASS = YES_ERROR;
				CLANG_WARN_RANGE_LOOP_ANALYSIS = YES;
				CLANG_WARN_STRICT_PROTOTYPES = YES;
				CLANG_WARN_SUSPICIOUS_MOVE = YES;
				CLANG_WARN_UNGUARDED_AVAILABILITY = YES_AGGRESSIVE;
				CLANG_WARN_UNREACHABLE_CODE = YES;
				CLANG_WARN__DUPLICATE_METHOD_MATCH = YES;
				COPY_PHASE_STRIP = NO;
				DEBUG_INFORMATION_FORMAT = dwarf;
				ENABLE_STRICT_OBJC_MSGSEND = YES;
				ENABLE_TESTABILITY = YES;
				GCC_C_LANGUAGE_STANDARD = gnu11;
				GCC_DYNAMIC_NO_PIC = NO;
				GCC_NO_COMMON_BLOCKS = YES;
				GCC_OPTIMIZATION_LEVEL = 0;
				GCC_PREPROCESSOR_DEFINITIONS = (
					"DEBUG=1",
					"$(inherited)",
				);
				GCC_WARN_64_TO_32_BIT_CONVERSION = YES;
				GCC_WARN_ABOUT_RETURN_TYPE = YES_ERROR;
				GCC_WARN_UNDECLARED_SELECTOR = YES;
				GCC_WARN_UNINITIALIZED_AUTOS = YES_AGGRESSIVE;
				GCC_WARN_UNUSED_FUNCTION = YES;
				GCC_WARN_UNUSED_VARIABLE = YES;
				IPHONEOS_DEPLOYMENT_TARGET = 13.2;
				MTL_ENABLE_DEBUG_INFO = INCLUDE_SOURCE;
				MTL_FAST_MATH = YES;
				ONLY_ACTIVE_ARCH = YES;
				SDKROOT = iphoneos;
				SWIFT_ACTIVE_COMPILATION_CONDITIONS = DEBUG;
				SWIFT_OPTIMIZATION_LEVEL = "-Onone";
			};
			name = Debug;
		};
		5569CEEF23ABC887008C65E3 /* Release */ = {
			isa = XCBuildConfiguration;
			buildSettings = {
				ALWAYS_SEARCH_USER_PATHS = NO;
				CLANG_ANALYZER_NONNULL = YES;
				CLANG_ANALYZER_NUMBER_OBJECT_CONVERSION = YES_AGGRESSIVE;
				CLANG_CXX_LANGUAGE_STANDARD = "gnu++14";
				CLANG_CXX_LIBRARY = "libc++";
				CLANG_ENABLE_MODULES = YES;
				CLANG_ENABLE_OBJC_ARC = YES;
				CLANG_ENABLE_OBJC_WEAK = YES;
				CLANG_WARN_BLOCK_CAPTURE_AUTORELEASING = YES;
				CLANG_WARN_BOOL_CONVERSION = YES;
				CLANG_WARN_COMMA = YES;
				CLANG_WARN_CONSTANT_CONVERSION = YES;
				CLANG_WARN_DEPRECATED_OBJC_IMPLEMENTATIONS = YES;
				CLANG_WARN_DIRECT_OBJC_ISA_USAGE = YES_ERROR;
				CLANG_WARN_DOCUMENTATION_COMMENTS = YES;
				CLANG_WARN_EMPTY_BODY = YES;
				CLANG_WARN_ENUM_CONVERSION = YES;
				CLANG_WARN_INFINITE_RECURSION = YES;
				CLANG_WARN_INT_CONVERSION = YES;
				CLANG_WARN_NON_LITERAL_NULL_CONVERSION = YES;
				CLANG_WARN_OBJC_IMPLICIT_RETAIN_SELF = YES;
				CLANG_WARN_OBJC_LITERAL_CONVERSION = YES;
				CLANG_WARN_OBJC_ROOT_CLASS = YES_ERROR;
				CLANG_WARN_RANGE_LOOP_ANALYSIS = YES;
				CLANG_WARN_STRICT_PROTOTYPES = YES;
				CLANG_WARN_SUSPICIOUS_MOVE = YES;
				CLANG_WARN_UNGUARDED_AVAILABILITY = YES_AGGRESSIVE;
				CLANG_WARN_UNREACHABLE_CODE = YES;
				CLANG_WARN__DUPLICATE_METHOD_MATCH = YES;
				COPY_PHASE_STRIP = NO;
				DEBUG_INFORMATION_FORMAT = "dwarf-with-dsym";
				ENABLE_NS_ASSERTIONS = NO;
				ENABLE_STRICT_OBJC_MSGSEND = YES;
				GCC_C_LANGUAGE_STANDARD = gnu11;
				GCC_NO_COMMON_BLOCKS = YES;
				GCC_WARN_64_TO_32_BIT_CONVERSION = YES;
				GCC_WARN_ABOUT_RETURN_TYPE = YES_ERROR;
				GCC_WARN_UNDECLARED_SELECTOR = YES;
				GCC_WARN_UNINITIALIZED_AUTOS = YES_AGGRESSIVE;
				GCC_WARN_UNUSED_FUNCTION = YES;
				GCC_WARN_UNUSED_VARIABLE = YES;
				IPHONEOS_DEPLOYMENT_TARGET = 13.2;
				MTL_ENABLE_DEBUG_INFO = NO;
				MTL_FAST_MATH = YES;
				SDKROOT = iphoneos;
				SWIFT_COMPILATION_MODE = wholemodule;
				SWIFT_OPTIMIZATION_LEVEL = "-O";
				VALIDATE_PRODUCT = YES;
			};
			name = Release;
		};
		5569CEF123ABC887008C65E3 /* Debug */ = {
			isa = XCBuildConfiguration;
			baseConfigurationReference = 8516D75DEE464ACE9C8F643C /* Pods-smack.debug.xcconfig */;
			buildSettings = {
				ASSETCATALOG_COMPILER_APPICON_NAME = AppIcon;
				CLANG_ENABLE_MODULES = YES;
				CODE_SIGN_STYLE = Automatic;
				INFOPLIST_FILE = smack/Info.plist;
				LD_RUNPATH_SEARCH_PATHS = (
					"$(inherited)",
					"@executable_path/Frameworks",
				);
				PRODUCT_BUNDLE_IDENTIFIER = com.hsa.smack.smack;
				PRODUCT_NAME = "$(TARGET_NAME)";
				SWIFT_OBJC_BRIDGING_HEADER = "Supporting Files/smack-Bridging-Header.h";
				SWIFT_OPTIMIZATION_LEVEL = "-Onone";
				SWIFT_VERSION = 5.0;
				TARGETED_DEVICE_FAMILY = "1,2";
			};
			name = Debug;
		};
		5569CEF223ABC887008C65E3 /* Release */ = {
			isa = XCBuildConfiguration;
			baseConfigurationReference = E922B7890BFACA1C22527AF2 /* Pods-smack.release.xcconfig */;
			buildSettings = {
				ASSETCATALOG_COMPILER_APPICON_NAME = AppIcon;
				CLANG_ENABLE_MODULES = YES;
				CODE_SIGN_STYLE = Automatic;
				INFOPLIST_FILE = smack/Info.plist;
				LD_RUNPATH_SEARCH_PATHS = (
					"$(inherited)",
					"@executable_path/Frameworks",
				);
				PRODUCT_BUNDLE_IDENTIFIER = com.hsa.smack.smack;
				PRODUCT_NAME = "$(TARGET_NAME)";
				SWIFT_OBJC_BRIDGING_HEADER = "Supporting Files/smack-Bridging-Header.h";
				SWIFT_VERSION = 5.0;
				TARGETED_DEVICE_FAMILY = "1,2";
			};
			name = Release;
		};
/* End XCBuildConfiguration section */

/* Begin XCConfigurationList section */
		5569CED723ABC884008C65E3 /* Build configuration list for PBXProject "smack" */ = {
			isa = XCConfigurationList;
			buildConfigurations = (
				5569CEEE23ABC887008C65E3 /* Debug */,
				5569CEEF23ABC887008C65E3 /* Release */,
			);
			defaultConfigurationIsVisible = 0;
			defaultConfigurationName = Release;
		};
		5569CEF023ABC887008C65E3 /* Build configuration list for PBXNativeTarget "smack" */ = {
			isa = XCConfigurationList;
			buildConfigurations = (
				5569CEF123ABC887008C65E3 /* Debug */,
				5569CEF223ABC887008C65E3 /* Release */,
			);
			defaultConfigurationIsVisible = 0;
			defaultConfigurationName = Release;
		};
/* End XCConfigurationList section */
	};
	rootObject = 5569CED423ABC884008C65E3 /* Project object */;
}
