// !$*UTF8*$!
{
	archiveVersion = 1;
	classes = {
	};
	objectVersion = 50;
	objects = {

/* Begin PBXBuildFile section */
		55FCF82223AAE45700A17D30 /* AppDelegate.swift in Sources */ = {isa = PBXBuildFile; fileRef = 55FCF82123AAE45700A17D30 /* AppDelegate.swift */; };
		55FCF82423AAE45700A17D30 /* SceneDelegate.swift in Sources */ = {isa = PBXBuildFile; fileRef = 55FCF82323AAE45700A17D30 /* SceneDelegate.swift */; };
		55FCF82623AAE45700A17D30 /* CateeoriesVC.swift in Sources */ = {isa = PBXBuildFile; fileRef = 55FCF82523AAE45700A17D30 /* CateeoriesVC.swift */; };
		55FCF82923AAE45700A17D30 /* Main.storyboard in Resources */ = {isa = PBXBuildFile; fileRef = 55FCF82723AAE45700A17D30 /* Main.storyboard */; };
		55FCF82C23AAE45700A17D30 /* coderswag.xcdatamodeld in Sources */ = {isa = PBXBuildFile; fileRef = 55FCF82A23AAE45700A17D30 /* coderswag.xcdatamodeld */; };
		55FCF82E23AAE45800A17D30 /* Assets.xcassets in Resources */ = {isa = PBXBuildFile; fileRef = 55FCF82D23AAE45800A17D30 /* Assets.xcassets */; };
		55FCF83123AAE45800A17D30 /* LaunchScreen.storyboard in Resources */ = {isa = PBXBuildFile; fileRef = 55FCF82F23AAE45800A17D30 /* LaunchScreen.storyboard */; };
		55FCF83C23AAE45800A17D30 /* coderswagTests.swift in Sources */ = {isa = PBXBuildFile; fileRef = 55FCF83B23AAE45800A17D30 /* coderswagTests.swift */; };
		55FCF84A23AAE94200A17D30 /* CategoryViewCell.swift in Sources */ = {isa = PBXBuildFile; fileRef = 55FCF84923AAE94200A17D30 /* CategoryViewCell.swift */; };
		55FCF84C23AAEC8B00A17D30 /* Category.swift in Sources */ = {isa = PBXBuildFile; fileRef = 55FCF84B23AAEC8B00A17D30 /* Category.swift */; };
		55FCF84F23AAEE0700A17D30 /* DataService.swift in Sources */ = {isa = PBXBuildFile; fileRef = 55FCF84E23AAEE0700A17D30 /* DataService.swift */; };
		55FCF85123AAFB7700A17D30 /* ProductsVCViewController.swift in Sources */ = {isa = PBXBuildFile; fileRef = 55FCF85023AAFB7700A17D30 /* ProductsVCViewController.swift */; };
		55FCF85323AAFDA500A17D30 /* Product.swift in Sources */ = {isa = PBXBuildFile; fileRef = 55FCF85223AAFDA500A17D30 /* Product.swift */; };
		55FCF85523AB12BF00A17D30 /* ProductCollectionViewCell.swift in Sources */ = {isa = PBXBuildFile; fileRef = 55FCF85423AB12BF00A17D30 /* ProductCollectionViewCell.swift */; };
/* End PBXBuildFile section */

/* Begin PBXContainerItemProxy section */
		55FCF83823AAE45800A17D30 /* PBXContainerItemProxy */ = {
			isa = PBXContainerItemProxy;
			containerPortal = 55FCF81623AAE45700A17D30 /* Project object */;
			proxyType = 1;
			remoteGlobalIDString = 55FCF81D23AAE45700A17D30;
			remoteInfo = coderswag;
		};
/* End PBXContainerItemProxy section */

/* Begin PBXFileReference section */
		55FCF81E23AAE45700A17D30 /* coderswag.app */ = {isa = PBXFileReference; explicitFileType = wrapper.application; includeInIndex = 0; path = coderswag.app; sourceTree = BUILT_PRODUCTS_DIR; };
		55FCF82123AAE45700A17D30 /* AppDelegate.swift */ = {isa = PBXFileReference; lastKnownFileType = sourcecode.swift; path = AppDelegate.swift; sourceTree = "<group>"; };
		55FCF82323AAE45700A17D30 /* SceneDelegate.swift */ = {isa = PBXFileReference; lastKnownFileType = sourcecode.swift; path = SceneDelegate.swift; sourceTree = "<group>"; };
		55FCF82523AAE45700A17D30 /* CateeoriesVC.swift */ = {isa = PBXFileReference; lastKnownFileType = sourcecode.swift; path = CateeoriesVC.swift; sourceTree = "<group>"; };
		55FCF82823AAE45700A17D30 /* Base */ = {isa = PBXFileReference; lastKnownFileType = file.storyboard; name = Base; path = Base.lproj/Main.storyboard; sourceTree = "<group>"; };
		55FCF82B23AAE45700A17D30 /* coderswag.xcdatamodel */ = {isa = PBXFileReference; lastKnownFileType = wrapper.xcdatamodel; path = coderswag.xcdatamodel; sourceTree = "<group>"; };
		55FCF82D23AAE45800A17D30 /* Assets.xcassets */ = {isa = PBXFileReference; lastKnownFileType = folder.assetcatalog; path = Assets.xcassets; sourceTree = "<group>"; };
		55FCF83023AAE45800A17D30 /* Base */ = {isa = PBXFileReference; lastKnownFileType = file.storyboard; name = Base; path = Base.lproj/LaunchScreen.storyboard; sourceTree = "<group>"; };
		55FCF83223AAE45800A17D30 /* Info.plist */ = {isa = PBXFileReference; lastKnownFileType = text.plist.xml; path = Info.plist; sourceTree = "<group>"; };
		55FCF83723AAE45800A17D30 /* coderswagTests.xctest */ = {isa = PBXFileReference; explicitFileType = wrapper.cfbundle; includeInIndex = 0; path = coderswagTests.xctest; sourceTree = BUILT_PRODUCTS_DIR; };
		55FCF83B23AAE45800A17D30 /* coderswagTests.swift */ = {isa = PBXFileReference; lastKnownFileType = sourcecode.swift; path = coderswagTests.swift; sourceTree = "<group>"; };
		55FCF83D23AAE45800A17D30 /* Info.plist */ = {isa = PBXFileReference; lastKnownFileType = text.plist.xml; path = Info.plist; sourceTree = "<group>"; };
		55FCF84923AAE94200A17D30 /* CategoryViewCell.swift */ = {isa = PBXFileReference; lastKnownFileType = sourcecode.swift; name = CategoryViewCell.swift; path = coderswag/CategoryViewCell.swift; sourceTree = SOURCE_ROOT; };
		55FCF84B23AAEC8B00A17D30 /* Category.swift */ = {isa = PBXFileReference; lastKnownFileType = sourcecode.swift; path = Category.swift; sourceTree = "<group>"; };
		55FCF84E23AAEE0700A17D30 /* DataService.swift */ = {isa = PBXFileReference; lastKnownFileType = sourcecode.swift; path = DataService.swift; sourceTree = "<group>"; };
		55FCF85023AAFB7700A17D30 /* ProductsVCViewController.swift */ = {isa = PBXFileReference; lastKnownFileType = sourcecode.swift; path = ProductsVCViewController.swift; sourceTree = "<group>"; };
		55FCF85223AAFDA500A17D30 /* Product.swift */ = {isa = PBXFileReference; lastKnownFileType = sourcecode.swift; path = Product.swift; sourceTree = "<group>"; };
		55FCF85423AB12BF00A17D30 /* ProductCollectionViewCell.swift */ = {isa = PBXFileReference; lastKnownFileType = sourcecode.swift; path = ProductCollectionViewCell.swift; sourceTree = "<group>"; };
/* End PBXFileReference section */

/* Begin PBXFrameworksBuildPhase section */
		55FCF81B23AAE45700A17D30 /* Frameworks */ = {
			isa = PBXFrameworksBuildPhase;
			buildActionMask = 2147483647;
			files = (
			);
			runOnlyForDeploymentPostprocessing = 0;
		};
		55FCF83423AAE45800A17D30 /* Frameworks */ = {
			isa = PBXFrameworksBuildPhase;
			buildActionMask = 2147483647;
			files = (
			);
			runOnlyForDeploymentPostprocessing = 0;
		};
/* End PBXFrameworksBuildPhase section */

/* Begin PBXGroup section */
		55FCF81523AAE45700A17D30 = {
			isa = PBXGroup;
			children = (
				55FCF82023AAE45700A17D30 /* coderswag */,
				55FCF83A23AAE45800A17D30 /* coderswagTests */,
				55FCF81F23AAE45700A17D30 /* Products */,
			);
			sourceTree = "<group>";
		};
		55FCF81F23AAE45700A17D30 /* Products */ = {
			isa = PBXGroup;
			children = (
				55FCF81E23AAE45700A17D30 /* coderswag.app */,
				55FCF83723AAE45800A17D30 /* coderswagTests.xctest */,
			);
			name = Products;
			sourceTree = "<group>";
		};
		55FCF82023AAE45700A17D30 /* coderswag */ = {
			isa = PBXGroup;
			children = (
				55FCF82123AAE45700A17D30 /* AppDelegate.swift */,
				55FCF82323AAE45700A17D30 /* SceneDelegate.swift */,
				55FCF84D23AAEDF400A17D30 /* services */,
				55FCF84823AAE48200A17D30 /* models */,
				55FCF84723AAE47600A17D30 /* views */,
				55FCF84623AAE46500A17D30 /* controlls */,
				55FCF82723AAE45700A17D30 /* Main.storyboard */,
				55FCF82D23AAE45800A17D30 /* Assets.xcassets */,
				55FCF83223AAE45800A17D30 /* Info.plist */,
				55FCF82A23AAE45700A17D30 /* coderswag.xcdatamodeld */,
				55FCF82F23AAE45800A17D30 /* LaunchScreen.storyboard */,
			);
			path = coderswag;
			sourceTree = "<group>";
		};
		55FCF83A23AAE45800A17D30 /* coderswagTests */ = {
			isa = PBXGroup;
			children = (
				55FCF83B23AAE45800A17D30 /* coderswagTests.swift */,
				55FCF83D23AAE45800A17D30 /* Info.plist */,
			);
			path = coderswagTests;
			sourceTree = "<group>";
		};
		55FCF84623AAE46500A17D30 /* controlls */ = {
			isa = PBXGroup;
			children = (
				55FCF82523AAE45700A17D30 /* CateeoriesVC.swift */,
				55FCF85023AAFB7700A17D30 /* ProductsVCViewController.swift */,
			);
			path = controlls;
			sourceTree = "<group>";
		};
		55FCF84723AAE47600A17D30 /* views */ = {
			isa = PBXGroup;
			children = (
				55FCF84923AAE94200A17D30 /* CategoryViewCell.swift */,
				55FCF85423AB12BF00A17D30 /* ProductCollectionViewCell.swift */,
			);
			path = views;
			sourceTree = "<group>";
		};
		55FCF84823AAE48200A17D30 /* models */ = {
			isa = PBXGroup;
			children = (
				55FCF84B23AAEC8B00A17D30 /* Category.swift */,
				55FCF85223AAFDA500A17D30 /* Product.swift */,
			);
			path = models;
			sourceTree = "<group>";
		};
		55FCF84D23AAEDF400A17D30 /* services */ = {
			isa = PBXGroup;
			children = (
				55FCF84E23AAEE0700A17D30 /* DataService.swift */,
			);
			path = services;
			sourceTree = "<group>";
		};
/* End PBXGroup section */

/* Begin PBXNativeTarget section */
		55FCF81D23AAE45700A17D30 /* coderswag */ = {
			isa = PBXNativeTarget;
			buildConfigurationList = 55FCF84023AAE45800A17D30 /* Build configuration list for PBXNativeTarget "coderswag" */;
			buildPhases = (
				55FCF81A23AAE45700A17D30 /* Sources */,
				55FCF81B23AAE45700A17D30 /* Frameworks */,
				55FCF81C23AAE45700A17D30 /* Resources */,
			);
			buildRules = (
			);
			dependencies = (
			);
			name = coderswag;
			productName = coderswag;
			productReference = 55FCF81E23AAE45700A17D30 /* coderswag.app */;
			productType = "com.apple.product-type.application";
		};
		55FCF83623AAE45800A17D30 /* coderswagTests */ = {
			isa = PBXNativeTarget;
			buildConfigurationList = 55FCF84323AAE45800A17D30 /* Build configuration list for PBXNativeTarget "coderswagTests" */;
			buildPhases = (
				55FCF83323AAE45800A17D30 /* Sources */,
				55FCF83423AAE45800A17D30 /* Frameworks */,
				55FCF83523AAE45800A17D30 /* Resources */,
			);
			buildRules = (
			);
			dependencies = (
				55FCF83923AAE45800A17D30 /* PBXTargetDependency */,
			);
			name = coderswagTests;
			productName = coderswagTests;
			productReference = 55FCF83723AAE45800A17D30 /* coderswagTests.xctest */;
			productType = "com.apple.product-type.bundle.unit-test";
		};
/* End PBXNativeTarget section */

/* Begin PBXProject section */
		55FCF81623AAE45700A17D30 /* Project object */ = {
			isa = PBXProject;
			attributes = {
				LastSwiftUpdateCheck = 1120;
				LastUpgradeCheck = 1120;
				ORGANIZATIONNAME = "Hosam Elnabawy";
				TargetAttributes = {
					55FCF81D23AAE45700A17D30 = {
						CreatedOnToolsVersion = 11.2.1;
					};
					55FCF83623AAE45800A17D30 = {
						CreatedOnToolsVersion = 11.2.1;
						TestTargetID = 55FCF81D23AAE45700A17D30;
					};
				};
			};
			buildConfigurationList = 55FCF81923AAE45700A17D30 /* Build configuration list for PBXProject "coderswag" */;
			compatibilityVersion = "Xcode 9.3";
			developmentRegion = en;
			hasScannedForEncodings = 0;
			knownRegions = (
				en,
				Base,
			);
			mainGroup = 55FCF81523AAE45700A17D30;
			productRefGroup = 55FCF81F23AAE45700A17D30 /* Products */;
			projectDirPath = "";
			projectRoot = "";
			targets = (
				55FCF81D23AAE45700A17D30 /* coderswag */,
				55FCF83623AAE45800A17D30 /* coderswagTests */,
			);
		};
/* End PBXProject section */

/* Begin PBXResourcesBuildPhase section */
		55FCF81C23AAE45700A17D30 /* Resources */ = {
			isa = PBXResourcesBuildPhase;
			buildActionMask = 2147483647;
			files = (
				55FCF83123AAE45800A17D30 /* LaunchScreen.storyboard in Resources */,
				55FCF82E23AAE45800A17D30 /* Assets.xcassets in Resources */,
				55FCF82923AAE45700A17D30 /* Main.storyboard in Resources */,
			);
			runOnlyForDeploymentPostprocessing = 0;
		};
		55FCF83523AAE45800A17D30 /* Resources */ = {
			isa = PBXResourcesBuildPhase;
			buildActionMask = 2147483647;
			files = (
			);
			runOnlyForDeploymentPostprocessing = 0;
		};
/* End PBXResourcesBuildPhase section */

/* Begin PBXSourcesBuildPhase section */
		55FCF81A23AAE45700A17D30 /* Sources */ = {
			isa = PBXSourcesBuildPhase;
			buildActionMask = 2147483647;
			files = (
				55FCF82623AAE45700A17D30 /* CateeoriesVC.swift in Sources */,
				55FCF84F23AAEE0700A17D30 /* DataService.swift in Sources */,
				55FCF85523AB12BF00A17D30 /* ProductCollectionViewCell.swift in Sources */,
				55FCF85323AAFDA500A17D30 /* Product.swift in Sources */,
				55FCF82C23AAE45700A17D30 /* coderswag.xcdatamodeld in Sources */,
				55FCF82223AAE45700A17D30 /* AppDelegate.swift in Sources */,
				55FCF82423AAE45700A17D30 /* SceneDelegate.swift in Sources */,
				55FCF85123AAFB7700A17D30 /* ProductsVCViewController.swift in Sources */,
				55FCF84A23AAE94200A17D30 /* CategoryViewCell.swift in Sources */,
				55FCF84C23AAEC8B00A17D30 /* Category.swift in Sources */,
			);
			runOnlyForDeploymentPostprocessing = 0;
		};
		55FCF83323AAE45800A17D30 /* Sources */ = {
			isa = PBXSourcesBuildPhase;
			buildActionMask = 2147483647;
			files = (
				55FCF83C23AAE45800A17D30 /* coderswagTests.swift in Sources */,
			);
			runOnlyForDeploymentPostprocessing = 0;
		};
/* End PBXSourcesBuildPhase section */

/* Begin PBXTargetDependency section */
		55FCF83923AAE45800A17D30 /* PBXTargetDependency */ = {
			isa = PBXTargetDependency;
			target = 55FCF81D23AAE45700A17D30 /* coderswag */;
			targetProxy = 55FCF83823AAE45800A17D30 /* PBXContainerItemProxy */;
		};
/* End PBXTargetDependency section */

/* Begin PBXVariantGroup section */
		55FCF82723AAE45700A17D30 /* Main.storyboard */ = {
			isa = PBXVariantGroup;
			children = (
				55FCF82823AAE45700A17D30 /* Base */,
			);
			name = Main.storyboard;
			sourceTree = "<group>";
		};
		55FCF82F23AAE45800A17D30 /* LaunchScreen.storyboard */ = {
			isa = PBXVariantGroup;
			children = (
				55FCF83023AAE45800A17D30 /* Base */,
			);
			name = LaunchScreen.storyboard;
			sourceTree = "<group>";
		};
/* End PBXVariantGroup section */

/* Begin XCBuildConfiguration section */
		55FCF83E23AAE45800A17D30 /* Debug */ = {
			isa = XCBuildConfiguration;
			buildSettings = {
				ALWAYS_SEARCH_USER_PATHS = NO;
				CLANG_ANALYZER_NONNULL = YES;
				CLANG_ANALYZER_NUMBER_OBJECT_CONVERSION = YES_AGGRESSIVE;
				CLANG_CXX_LANGUAGE_STANDARD = "gnu++14";
				CLANG_CXX_LIBRARY = "libc++";
				CLANG_ENABLE_MODULES = YES;
				CLANG_ENABLE_OBJC_ARC = YES;
				CLANG_ENABLE_OBJC_WEAK = YES;
				CLANG_WARN_BLOCK_CAPTURE_AUTORELEASING = YES;
				CLANG_WARN_BOOL_CONVERSION = YES;
				CLANG_WARN_COMMA = YES;
				CLANG_WARN_CONSTANT_CONVERSION = YES;
				CLANG_WARN_DEPRECATED_OBJC_IMPLEMENTATIONS = YES;
				CLANG_WARN_DIRECT_OBJC_ISA_USAGE = YES_ERROR;
				CLANG_WARN_DOCUMENTATION_COMMENTS = YES;
				CLANG_WARN_EMPTY_BODY = YES;
				CLANG_WARN_ENUM_CONVERSION = YES;
				CLANG_WARN_INFINITE_RECURSION = YES;
				CLANG_WARN_INT_CONVERSION = YES;
				CLANG_WARN_NON_LITERAL_NULL_CONVERSION = YES;
				CLANG_WARN_OBJC_IMPLICIT_RETAIN_SELF = YES;
				CLANG_WARN_OBJC_LITERAL_CONVERSION = YES;
				CLANG_WARN_OBJC_ROOT_CLASS = YES_ERROR;
				CLANG_WARN_RANGE_LOOP_ANALYSIS = YES;
				CLANG_WARN_STRICT_PROTOTYPES = YES;
				CLANG_WARN_SUSPICIOUS_MOVE = YES;
				CLANG_WARN_UNGUARDED_AVAILABILITY = YES_AGGRESSIVE;
				CLANG_WARN_UNREACHABLE_CODE = YES;
				CLANG_WARN__DUPLICATE_METHOD_MATCH = YES;
				COPY_PHASE_STRIP = NO;
				DEBUG_INFORMATION_FORMAT = dwarf;
				ENABLE_STRICT_OBJC_MSGSEND = YES;
				ENABLE_TESTABILITY = YES;
				GCC_C_LANGUAGE_STANDARD = gnu11;
				GCC_DYNAMIC_NO_PIC = NO;
				GCC_NO_COMMON_BLOCKS = YES;
				GCC_OPTIMIZATION_LEVEL = 0;
				GCC_PREPROCESSOR_DEFINITIONS = (
					"DEBUG=1",
					"$(inherited)",
				);
				GCC_WARN_64_TO_32_BIT_CONVERSION = YES;
				GCC_WARN_ABOUT_RETURN_TYPE = YES_ERROR;
				GCC_WARN_UNDECLARED_SELECTOR = YES;
				GCC_WARN_UNINITIALIZED_AUTOS = YES_AGGRESSIVE;
				GCC_WARN_UNUSED_FUNCTION = YES;
				GCC_WARN_UNUSED_VARIABLE = YES;
				IPHONEOS_DEPLOYMENT_TARGET = 13.2;
				MTL_ENABLE_DEBUG_INFO = INCLUDE_SOURCE;
				MTL_FAST_MATH = YES;
				ONLY_ACTIVE_ARCH = YES;
				SDKROOT = iphoneos;
				SWIFT_ACTIVE_COMPILATION_CONDITIONS = DEBUG;
				SWIFT_OPTIMIZATION_LEVEL = "-Onone";
			};
			name = Debug;
		};
		55FCF83F23AAE45800A17D30 /* Release */ = {
			isa = XCBuildConfiguration;
			buildSettings = {
				ALWAYS_SEARCH_USER_PATHS = NO;
				CLANG_ANALYZER_NONNULL = YES;
				CLANG_ANALYZER_NUMBER_OBJECT_CONVERSION = YES_AGGRESSIVE;
				CLANG_CXX_LANGUAGE_STANDARD = "gnu++14";
				CLANG_CXX_LIBRARY = "libc++";
				CLANG_ENABLE_MODULES = YES;
				CLANG_ENABLE_OBJC_ARC = YES;
				CLANG_ENABLE_OBJC_WEAK = YES;
				CLANG_WARN_BLOCK_CAPTURE_AUTORELEASING = YES;
				CLANG_WARN_BOOL_CONVERSION = YES;
				CLANG_WARN_COMMA = YES;
				CLANG_WARN_CONSTANT_CONVERSION = YES;
				CLANG_WARN_DEPRECATED_OBJC_IMPLEMENTATIONS = YES;
				CLANG_WARN_DIRECT_OBJC_ISA_USAGE = YES_ERROR;
				CLANG_WARN_DOCUMENTATION_COMMENTS = YES;
				CLANG_WARN_EMPTY_BODY = YES;
				CLANG_WARN_ENUM_CONVERSION = YES;
				CLANG_WARN_INFINITE_RECURSION = YES;
				CLANG_WARN_INT_CONVERSION = YES;
				CLANG_WARN_NON_LITERAL_NULL_CONVERSION = YES;
				CLANG_WARN_OBJC_IMPLICIT_RETAIN_SELF = YES;
				CLANG_WARN_OBJC_LITERAL_CONVERSION = YES;
				CLANG_WARN_OBJC_ROOT_CLASS = YES_ERROR;
				CLANG_WARN_RANGE_LOOP_ANALYSIS = YES;
				CLANG_WARN_STRICT_PROTOTYPES = YES;
				CLANG_WARN_SUSPICIOUS_MOVE = YES;
				CLANG_WARN_UNGUARDED_AVAILABILITY = YES_AGGRESSIVE;
				CLANG_WARN_UNREACHABLE_CODE = YES;
				CLANG_WARN__DUPLICATE_METHOD_MATCH = YES;
				COPY_PHASE_STRIP = NO;
				DEBUG_INFORMATION_FORMAT = "dwarf-with-dsym";
				ENABLE_NS_ASSERTIONS = NO;
				ENABLE_STRICT_OBJC_MSGSEND = YES;
				GCC_C_LANGUAGE_STANDARD = gnu11;
				GCC_NO_COMMON_BLOCKS = YES;
				GCC_WARN_64_TO_32_BIT_CONVERSION = YES;
				GCC_WARN_ABOUT_RETURN_TYPE = YES_ERROR;
				GCC_WARN_UNDECLARED_SELECTOR = YES;
				GCC_WARN_UNINITIALIZED_AUTOS = YES_AGGRESSIVE;
				GCC_WARN_UNUSED_FUNCTION = YES;
				GCC_WARN_UNUSED_VARIABLE = YES;
				IPHONEOS_DEPLOYMENT_TARGET = 13.2;
				MTL_ENABLE_DEBUG_INFO = NO;
				MTL_FAST_MATH = YES;
				SDKROOT = iphoneos;
				SWIFT_COMPILATION_MODE = wholemodule;
				SWIFT_OPTIMIZATION_LEVEL = "-O";
				VALIDATE_PRODUCT = YES;
			};
			name = Release;
		};
		55FCF84123AAE45800A17D30 /* Debug */ = {
			isa = XCBuildConfiguration;
			buildSettings = {
				ASSETCATALOG_COMPILER_APPICON_NAME = AppIcon;
				CODE_SIGN_STYLE = Automatic;
				INFOPLIST_FILE = coderswag/Info.plist;
				LD_RUNPATH_SEARCH_PATHS = (
					"$(inherited)",
					"@executable_path/Frameworks",
				);
				PRODUCT_BUNDLE_IDENTIFIER = com.hsa.codeswag.coderswag;
				PRODUCT_NAME = "$(TARGET_NAME)";
				SWIFT_VERSION = 5.0;
				TARGETED_DEVICE_FAMILY = "1,2";
			};
			name = Debug;
		};
		55FCF84223AAE45800A17D30 /* Release */ = {
			isa = XCBuildConfiguration;
			buildSettings = {
				ASSETCATALOG_COMPILER_APPICON_NAME = AppIcon;
				CODE_SIGN_STYLE = Automatic;
				INFOPLIST_FILE = coderswag/Info.plist;
				LD_RUNPATH_SEARCH_PATHS = (
					"$(inherited)",
					"@executable_path/Frameworks",
				);
				PRODUCT_BUNDLE_IDENTIFIER = com.hsa.codeswag.coderswag;
				PRODUCT_NAME = "$(TARGET_NAME)";
				SWIFT_VERSION = 5.0;
				TARGETED_DEVICE_FAMILY = "1,2";
			};
			name = Release;
		};
		55FCF84423AAE45800A17D30 /* Debug */ = {
			isa = XCBuildConfiguration;
			buildSettings = {
				ALWAYS_EMBED_SWIFT_STANDARD_LIBRARIES = YES;
				BUNDLE_LOADER = "$(TEST_HOST)";
				CODE_SIGN_STYLE = Automatic;
				INFOPLIST_FILE = coderswagTests/Info.plist;
				IPHONEOS_DEPLOYMENT_TARGET = 13.2;
				LD_RUNPATH_SEARCH_PATHS = (
					"$(inherited)",
					"@executable_path/Frameworks",
					"@loader_path/Frameworks",
				);
				PRODUCT_BUNDLE_IDENTIFIER = com.hsa.codeswag.coderswagTests;
				PRODUCT_NAME = "$(TARGET_NAME)";
				SWIFT_VERSION = 5.0;
				TARGETED_DEVICE_FAMILY = "1,2";
				TEST_HOST = "$(BUILT_PRODUCTS_DIR)/coderswag.app/coderswag";
			};
			name = Debug;
		};
		55FCF84523AAE45800A17D30 /* Release */ = {
			isa = XCBuildConfiguration;
			buildSettings = {
				ALWAYS_EMBED_SWIFT_STANDARD_LIBRARIES = YES;
				BUNDLE_LOADER = "$(TEST_HOST)";
				CODE_SIGN_STYLE = Automatic;
				INFOPLIST_FILE = coderswagTests/Info.plist;
				IPHONEOS_DEPLOYMENT_TARGET = 13.2;
				LD_RUNPATH_SEARCH_PATHS = (
					"$(inherited)",
					"@executable_path/Frameworks",
					"@loader_path/Frameworks",
				);
				PRODUCT_BUNDLE_IDENTIFIER = com.hsa.codeswag.coderswagTests;
				PRODUCT_NAME = "$(TARGET_NAME)";
				SWIFT_VERSION = 5.0;
				TARGETED_DEVICE_FAMILY = "1,2";
				TEST_HOST = "$(BUILT_PRODUCTS_DIR)/coderswag.app/coderswag";
			};
			name = Release;
		};
/* End XCBuildConfiguration section */

/* Begin XCConfigurationList section */
		55FCF81923AAE45700A17D30 /* Build configuration list for PBXProject "coderswag" */ = {
			isa = XCConfigurationList;
			buildConfigurations = (
				55FCF83E23AAE45800A17D30 /* Debug */,
				55FCF83F23AAE45800A17D30 /* Release */,
			);
			defaultConfigurationIsVisible = 0;
			defaultConfigurationName = Release;
		};
		55FCF84023AAE45800A17D30 /* Build configuration list for PBXNativeTarget "coderswag" */ = {
			isa = XCConfigurationList;
			buildConfigurations = (
				55FCF84123AAE45800A17D30 /* Debug */,
				55FCF84223AAE45800A17D30 /* Release */,
			);
			defaultConfigurationIsVisible = 0;
			defaultConfigurationName = Release;
		};
		55FCF84323AAE45800A17D30 /* Build configuration list for PBXNativeTarget "coderswagTests" */ = {
			isa = XCConfigurationList;
			buildConfigurations = (
				55FCF84423AAE45800A17D30 /* Debug */,
				55FCF84523AAE45800A17D30 /* Release */,
			);
			defaultConfigurationIsVisible = 0;
			defaultConfigurationName = Release;
		};
/* End XCConfigurationList section */

/* Begin XCVersionGroup section */
		55FCF82A23AAE45700A17D30 /* coderswag.xcdatamodeld */ = {
			isa = XCVersionGroup;
			children = (
				55FCF82B23AAE45700A17D30 /* coderswag.xcdatamodel */,
			);
			currentVersion = 55FCF82B23AAE45700A17D30 /* coderswag.xcdatamodel */;
			path = coderswag.xcdatamodeld;
			sourceTree = "<group>";
			versionGroupType = wrapper.xcdatamodel;
		};
/* End XCVersionGroup section */
	};
	rootObject = 55FCF81623AAE45700A17D30 /* Project object */;
}
